
Microsoft Visual Studio Solution File, Format Version 12.00
# Visual Studio 15
VisualStudioVersion = 15.0.26730.10
MinimumVisualStudioVersion = 10.0.40219.1
Project("{FAE04EC0-301F-11D3-BF4B-00C04F79EFBC}") = "Exe9PraPOOHeranca", "Exe9PraPOOHeranca\Exe9PraPOOHeranca.csproj", "{803E2BEA-9DF5-4B36-B568-AF8DA88A0B1E}"
EndProject
Global
	GlobalSection(SolutionConfigurationPlatforms) = preSolution
		Debug|Any CPU = Debug|Any CPU
		Release|Any CPU = Release|Any CPU
	EndGlobalSection
	GlobalSection(ProjectConfigurationPlatforms) = postSolution
		{803E2BEA-9DF5-4B36-B568-AF8DA88A0B1E}.Debug|Any CPU.ActiveCfg = Debug|Any CPU
		{803E2BEA-9DF5-4B36-B568-AF8DA88A0B1E}.Debug|Any CPU.Build.0 = Debug|Any CPU
		{803E2BEA-9DF5-4B36-B568-AF8DA88A0B1E}.Release|Any CPU.ActiveCfg = Release|Any CPU
		{803E2BEA-9DF5-4B36-B568-AF8DA88A0B1E}.Release|Any CPU.Build.0 = Release|Any CPU
	EndGlobalSection
	GlobalSection(SolutionProperties) = preSolution
		HideSolutionNode = FALSE
	EndGlobalSection
	GlobalSection(ExtensibilityGlobals) = postSolution
		SolutionGuid = {73C73453-0DB1-456D-BF49-69229F5E37A2}
	EndGlobalSection
EndGlobal
