
Microsoft Visual Studio Solution File, Format Version 12.00
# Visual Studio 15
VisualStudioVersion = 15.0.26730.10
MinimumVisualStudioVersion = 10.0.40219.1
Project("{FAE04EC0-301F-11D3-BF4B-00C04F79EFBC}") = "Exe11PraPOOHeranca", "Exe11PraPOOHeranca\Exe11PraPOOHeranca.csproj", "{84E012E5-4698-4B88-8A52-E25323A0DCB5}"
EndProject
Global
	GlobalSection(SolutionConfigurationPlatforms) = preSolution
		Debug|Any CPU = Debug|Any CPU
		Release|Any CPU = Release|Any CPU
	EndGlobalSection
	GlobalSection(ProjectConfigurationPlatforms) = postSolution
		{84E012E5-4698-4B88-8A52-E25323A0DCB5}.Debug|Any CPU.ActiveCfg = Debug|Any CPU
		{84E012E5-4698-4B88-8A52-E25323A0DCB5}.Debug|Any CPU.Build.0 = Debug|Any CPU
		{84E012E5-4698-4B88-8A52-E25323A0DCB5}.Release|Any CPU.ActiveCfg = Release|Any CPU
		{84E012E5-4698-4B88-8A52-E25323A0DCB5}.Release|Any CPU.Build.0 = Release|Any CPU
	EndGlobalSection
	GlobalSection(SolutionProperties) = preSolution
		HideSolutionNode = FALSE
	EndGlobalSection
	GlobalSection(ExtensibilityGlobals) = postSolution
		SolutionGuid = {DAF6E137-1819-4999-B0C0-39D4CE3C4AC8}
	EndGlobalSection
EndGlobal
